PODS:
  - XXBLibs (0.0.1):
    - XXBLibs/Category (= 0.0.1)
    - XXBLibs/Class (= 0.0.1)
    - XXBLibs/Others (= 0.0.1)
  - XXBLibs/Category (0.0.1)
  - XXBLibs/Class (0.0.1):
    - XXBLibs/Others
  - XXBLibs/Others (0.0.1)

DEPENDENCIES:
  - XXBLibs (from `https://github.com/sixTiger/XXBLibs`)

EXTERNAL SOURCES:
  XXBLibs:
    :git: https://github.com/sixTiger/XXBLibs

CHECKOUT OPTIONS:
  XXBLibs:
    :commit: a176331313fe7d82a5f26beda5f1b1681cf1ed52
    :git: https://github.com/sixTiger/XXBLibs

SPEC CHECKSUMS:
  XXBLibs: 247d1f4599815c7696b015828643e123a832bcfb

PODFILE CHECKSUM: 63854094ad337d099dc7917cd085fdddce67d6af

COCOAPODS: 1.0.1
