// !$*UTF8*$!
{
	archiveVersion = 1;
	classes = {
	};
	objectVersion = 46;
	objects = {

/* Begin PBXBuildFile section */
		612D2311DA4DF54B4EEAFED6 /* libPods-XXBRefreshDemo.a in Frameworks */ = {isa = PBXBuildFile; fileRef = F2B5A14D569AF023A231C925 /* libPods-XXBRefreshDemo.a */; };
		6227597C1CCDEE7E00BDE61A /* UIScrollView+XXBExtension.m in Sources */ = {isa = PBXBuildFile; fileRef = 6227596D1CCDEE7E00BDE61A /* UIScrollView+XXBExtension.m */; };
		6227597D1CCDEE7E00BDE61A /* UIScrollView+XXBRefresh.m in Sources */ = {isa = PBXBuildFile; fileRef = 6227596F1CCDEE7E00BDE61A /* UIScrollView+XXBRefresh.m */; };
		6227597E1CCDEE7E00BDE61A /* UIView+XXBExtension.m in Sources */ = {isa = PBXBuildFile; fileRef = 622759711CCDEE7E00BDE61A /* UIView+XXBExtension.m */; };
		6227597F1CCDEE7E00BDE61A /* XXBRefreshConsts.m in Sources */ = {isa = PBXBuildFile; fileRef = 622759731CCDEE7E00BDE61A /* XXBRefreshConsts.m */; };
		622759801CCDEE7E00BDE61A /* XXBRefreshBaseView.m in Sources */ = {isa = PBXBuildFile; fileRef = 622759761CCDEE7E00BDE61A /* XXBRefreshBaseView.m */; };
		622759811CCDEE7E00BDE61A /* XXBRefreshFooterView.m in Sources */ = {isa = PBXBuildFile; fileRef = 622759781CCDEE7E00BDE61A /* XXBRefreshFooterView.m */; };
		622759821CCDEE7E00BDE61A /* XXBRefreshHeaderView.m in Sources */ = {isa = PBXBuildFile; fileRef = 6227597A1CCDEE7E00BDE61A /* XXBRefreshHeaderView.m */; };
		622759851CCDEF3100BDE61A /* XXBAutoRefreshFooterView.m in Sources */ = {isa = PBXBuildFile; fileRef = 622759841CCDEF3100BDE61A /* XXBAutoRefreshFooterView.m */; };
		625C75B01D36837D003852CB /* XXBAutoRefreshFooterUIView.m in Sources */ = {isa = PBXBuildFile; fileRef = 625C75AF1D36837D003852CB /* XXBAutoRefreshFooterUIView.m */; };
		625C75B31D36902A003852CB /* XXBRefreshFooterUIView.m in Sources */ = {isa = PBXBuildFile; fileRef = 625C75B21D36902A003852CB /* XXBRefreshFooterUIView.m */; };
		629DB4C71CC090B800EC7FE1 /* main.m in Sources */ = {isa = PBXBuildFile; fileRef = 629DB4C61CC090B800EC7FE1 /* main.m */; };
		629DB4CA1CC090B800EC7FE1 /* AppDelegate.m in Sources */ = {isa = PBXBuildFile; fileRef = 629DB4C91CC090B800EC7FE1 /* AppDelegate.m */; };
		629DB4CD1CC090B800EC7FE1 /* ViewController.m in Sources */ = {isa = PBXBuildFile; fileRef = 629DB4CC1CC090B800EC7FE1 /* ViewController.m */; };
		629DB4D01CC090B800EC7FE1 /* Main.storyboard in Resources */ = {isa = PBXBuildFile; fileRef = 629DB4CE1CC090B800EC7FE1 /* Main.storyboard */; };
		629DB4D21CC090B800EC7FE1 /* Assets.xcassets in Resources */ = {isa = PBXBuildFile; fileRef = 629DB4D11CC090B800EC7FE1 /* Assets.xcassets */; };
		629DB4D51CC090B800EC7FE1 /* LaunchScreen.storyboard in Resources */ = {isa = PBXBuildFile; fileRef = 629DB4D31CC090B800EC7FE1 /* LaunchScreen.storyboard */; };
		E11E22801D37716B003790B1 /* XXBRefreshHeaderPicView.m in Sources */ = {isa = PBXBuildFile; fileRef = E11E227F1D37716B003790B1 /* XXBRefreshHeaderPicView.m */; };
		E1B8D4BE1D35DC25000C6A22 /* XXBRefreshHeaderUIView.m in Sources */ = {isa = PBXBuildFile; fileRef = E1B8D4BD1D35DC25000C6A22 /* XXBRefreshHeaderUIView.m */; };
		E1B8D4C31D35E9AE000C6A22 /* arrow@2x.png in Resources */ = {isa = PBXBuildFile; fileRef = E1B8D4C21D35E9AE000C6A22 /* arrow@2x.png */; };
		E1B8D4C61D35E9D6000C6A22 /* XXBRefreshRseources.m in Sources */ = {isa = PBXBuildFile; fileRef = E1B8D4C51D35E9D6000C6A22 /* XXBRefreshRseources.m */; };
/* End PBXBuildFile section */

/* Begin PBXFileReference section */
		55356E7A70C1195237CCCBBD /* Pods-XXBRefreshDemo.release.xcconfig */ = {isa = PBXFileReference; includeInIndex = 1; lastKnownFileType = text.xcconfig; name = "Pods-XXBRefreshDemo.release.xcconfig"; path = "Pods/Target Support Files/Pods-XXBRefreshDemo/Pods-XXBRefreshDemo.release.xcconfig"; sourceTree = "<group>"; };
		6227596C1CCDEE7E00BDE61A /* UIScrollView+XXBExtension.h */ = {isa = PBXFileReference; fileEncoding = 4; lastKnownFileType = sourcecode.c.h; path = "UIScrollView+XXBExtension.h"; sourceTree = "<group>"; };
		6227596D1CCDEE7E00BDE61A /* UIScrollView+XXBExtension.m */ = {isa = PBXFileReference; fileEncoding = 4; lastKnownFileType = sourcecode.c.objc; path = "UIScrollView+XXBExtension.m"; sourceTree = "<group>"; };
		6227596E1CCDEE7E00BDE61A /* UIScrollView+XXBRefresh.h */ = {isa = PBXFileReference; fileEncoding = 4; lastKnownFileType = sourcecode.c.h; path = "UIScrollView+XXBRefresh.h"; sourceTree = "<group>"; };
		6227596F1CCDEE7E00BDE61A /* UIScrollView+XXBRefresh.m */ = {isa = PBXFileReference; fileEncoding = 4; lastKnownFileType = sourcecode.c.objc; path = "UIScrollView+XXBRefresh.m"; sourceTree = "<group>"; };
		622759701CCDEE7E00BDE61A /* UIView+XXBExtension.h */ = {isa = PBXFileReference; fileEncoding = 4; lastKnownFileType = sourcecode.c.h; path = "UIView+XXBExtension.h"; sourceTree = "<group>"; };
		622759711CCDEE7E00BDE61A /* UIView+XXBExtension.m */ = {isa = PBXFileReference; fileEncoding = 4; lastKnownFileType = sourcecode.c.objc; path = "UIView+XXBExtension.m"; sourceTree = "<group>"; };
		622759721CCDEE7E00BDE61A /* XXBRefreshConsts.h */ = {isa = PBXFileReference; fileEncoding = 4; lastKnownFileType = sourcecode.c.h; path = XXBRefreshConsts.h; sourceTree = "<group>"; };
		622759731CCDEE7E00BDE61A /* XXBRefreshConsts.m */ = {isa = PBXFileReference; fileEncoding = 4; lastKnownFileType = sourcecode.c.objc; path = XXBRefreshConsts.m; sourceTree = "<group>"; };
		622759751CCDEE7E00BDE61A /* XXBRefreshBaseView.h */ = {isa = PBXFileReference; fileEncoding = 4; lastKnownFileType = sourcecode.c.h; path = XXBRefreshBaseView.h; sourceTree = "<group>"; };
		622759761CCDEE7E00BDE61A /* XXBRefreshBaseView.m */ = {isa = PBXFileReference; fileEncoding = 4; lastKnownFileType = sourcecode.c.objc; path = XXBRefreshBaseView.m; sourceTree = "<group>"; };
		622759771CCDEE7E00BDE61A /* XXBRefreshFooterView.h */ = {isa = PBXFileReference; fileEncoding = 4; lastKnownFileType = sourcecode.c.h; path = XXBRefreshFooterView.h; sourceTree = "<group>"; };
		622759781CCDEE7E00BDE61A /* XXBRefreshFooterView.m */ = {isa = PBXFileReference; fileEncoding = 4; lastKnownFileType = sourcecode.c.objc; path = XXBRefreshFooterView.m; sourceTree = "<group>"; };
		622759791CCDEE7E00BDE61A /* XXBRefreshHeaderView.h */ = {isa = PBXFileReference; fileEncoding = 4; lastKnownFileType = sourcecode.c.h; path = XXBRefreshHeaderView.h; sourceTree = "<group>"; };
		6227597A1CCDEE7E00BDE61A /* XXBRefreshHeaderView.m */ = {isa = PBXFileReference; fileEncoding = 4; lastKnownFileType = sourcecode.c.objc; path = XXBRefreshHeaderView.m; sourceTree = "<group>"; };
		6227597B1CCDEE7E00BDE61A /* XXBRefresh.h */ = {isa = PBXFileReference; fileEncoding = 4; lastKnownFileType = sourcecode.c.h; path = XXBRefresh.h; sourceTree = "<group>"; };
		622759831CCDEF3100BDE61A /* XXBAutoRefreshFooterView.h */ = {isa = PBXFileReference; fileEncoding = 4; lastKnownFileType = sourcecode.c.h; path = XXBAutoRefreshFooterView.h; sourceTree = "<group>"; };
		622759841CCDEF3100BDE61A /* XXBAutoRefreshFooterView.m */ = {isa = PBXFileReference; fileEncoding = 4; lastKnownFileType = sourcecode.c.objc; path = XXBAutoRefreshFooterView.m; sourceTree = "<group>"; };
		625C75AE1D36837D003852CB /* XXBAutoRefreshFooterUIView.h */ = {isa = PBXFileReference; fileEncoding = 4; lastKnownFileType = sourcecode.c.h; path = XXBAutoRefreshFooterUIView.h; sourceTree = "<group>"; };
		625C75AF1D36837D003852CB /* XXBAutoRefreshFooterUIView.m */ = {isa = PBXFileReference; fileEncoding = 4; lastKnownFileType = sourcecode.c.objc; path = XXBAutoRefreshFooterUIView.m; sourceTree = "<group>"; };
		625C75B11D36902A003852CB /* XXBRefreshFooterUIView.h */ = {isa = PBXFileReference; fileEncoding = 4; lastKnownFileType = sourcecode.c.h; path = XXBRefreshFooterUIView.h; sourceTree = "<group>"; };
		625C75B21D36902A003852CB /* XXBRefreshFooterUIView.m */ = {isa = PBXFileReference; fileEncoding = 4; lastKnownFileType = sourcecode.c.objc; path = XXBRefreshFooterUIView.m; sourceTree = "<group>"; };
		629DB4C21CC090B800EC7FE1 /* XXBRefreshDemo.app */ = {isa = PBXFileReference; explicitFileType = wrapper.application; includeInIndex = 0; path = XXBRefreshDemo.app; sourceTree = BUILT_PRODUCTS_DIR; };
		629DB4C61CC090B800EC7FE1 /* main.m */ = {isa = PBXFileReference; lastKnownFileType = sourcecode.c.objc; path = main.m; sourceTree = "<group>"; };
		629DB4C81CC090B800EC7FE1 /* AppDelegate.h */ = {isa = PBXFileReference; lastKnownFileType = sourcecode.c.h; path = AppDelegate.h; sourceTree = "<group>"; };
		629DB4C91CC090B800EC7FE1 /* AppDelegate.m */ = {isa = PBXFileReference; lastKnownFileType = sourcecode.c.objc; path = AppDelegate.m; sourceTree = "<group>"; };
		629DB4CB1CC090B800EC7FE1 /* ViewController.h */ = {isa = PBXFileReference; lastKnownFileType = sourcecode.c.h; path = ViewController.h; sourceTree = "<group>"; };
		629DB4CC1CC090B800EC7FE1 /* ViewController.m */ = {isa = PBXFileReference; lastKnownFileType = sourcecode.c.objc; path = ViewController.m; sourceTree = "<group>"; };
		629DB4CF1CC090B800EC7FE1 /* Base */ = {isa = PBXFileReference; lastKnownFileType = file.storyboard; name = Base; path = Base.lproj/Main.storyboard; sourceTree = "<group>"; };
		629DB4D11CC090B800EC7FE1 /* Assets.xcassets */ = {isa = PBXFileReference; lastKnownFileType = folder.assetcatalog; path = Assets.xcassets; sourceTree = "<group>"; };
		629DB4D41CC090B800EC7FE1 /* Base */ = {isa = PBXFileReference; lastKnownFileType = file.storyboard; name = Base; path = Base.lproj/LaunchScreen.storyboard; sourceTree = "<group>"; };
		629DB4D61CC090B800EC7FE1 /* Info.plist */ = {isa = PBXFileReference; lastKnownFileType = text.plist.xml; path = Info.plist; sourceTree = "<group>"; };
		A84947D46AE63AC69CF21957 /* Pods-XXBRefreshDemo.debug.xcconfig */ = {isa = PBXFileReference; includeInIndex = 1; lastKnownFileType = text.xcconfig; name = "Pods-XXBRefreshDemo.debug.xcconfig"; path = "Pods/Target Support Files/Pods-XXBRefreshDemo/Pods-XXBRefreshDemo.debug.xcconfig"; sourceTree = "<group>"; };
		E11E227E1D37716B003790B1 /* XXBRefreshHeaderPicView.h */ = {isa = PBXFileReference; fileEncoding = 4; lastKnownFileType = sourcecode.c.h; path = XXBRefreshHeaderPicView.h; sourceTree = "<group>"; };
		E11E227F1D37716B003790B1 /* XXBRefreshHeaderPicView.m */ = {isa = PBXFileReference; fileEncoding = 4; lastKnownFileType = sourcecode.c.objc; path = XXBRefreshHeaderPicView.m; sourceTree = "<group>"; };
		E1B8D4BC1D35DC25000C6A22 /* XXBRefreshHeaderUIView.h */ = {isa = PBXFileReference; fileEncoding = 4; lastKnownFileType = sourcecode.c.h; path = XXBRefreshHeaderUIView.h; sourceTree = "<group>"; };
		E1B8D4BD1D35DC25000C6A22 /* XXBRefreshHeaderUIView.m */ = {isa = PBXFileReference; fileEncoding = 4; lastKnownFileType = sourcecode.c.objc; path = XXBRefreshHeaderUIView.m; sourceTree = "<group>"; };
		E1B8D4C21D35E9AE000C6A22 /* arrow@2x.png */ = {isa = PBXFileReference; lastKnownFileType = image.png; path = "arrow@2x.png"; sourceTree = "<group>"; };
		E1B8D4C41D35E9D6000C6A22 /* XXBRefreshRseources.h */ = {isa = PBXFileReference; fileEncoding = 4; lastKnownFileType = sourcecode.c.h; path = XXBRefreshRseources.h; sourceTree = "<group>"; };
		E1B8D4C51D35E9D6000C6A22 /* XXBRefreshRseources.m */ = {isa = PBXFileReference; fileEncoding = 4; lastKnownFileType = sourcecode.c.objc; path = XXBRefreshRseources.m; sourceTree = "<group>"; };
		F2B5A14D569AF023A231C925 /* libPods-XXBRefreshDemo.a */ = {isa = PBXFileReference; explicitFileType = archive.ar; includeInIndex = 0; path = "libPods-XXBRefreshDemo.a"; sourceTree = BUILT_PRODUCTS_DIR; };
/* End PBXFileReference section */

/* Begin PBXFrameworksBuildPhase section */
		629DB4BF1CC090B800EC7FE1 /* Frameworks */ = {
			isa = PBXFrameworksBuildPhase;
			buildActionMask = 2147483647;
			files = (
				612D2311DA4DF54B4EEAFED6 /* libPods-XXBRefreshDemo.a in Frameworks */,
			);
			runOnlyForDeploymentPostprocessing = 0;
		};
/* End PBXFrameworksBuildPhase section */

/* Begin PBXGroup section */
		530E82E28BF57E61FDC77238 /* Pods */ = {
			isa = PBXGroup;
			children = (
				A84947D46AE63AC69CF21957 /* Pods-XXBRefreshDemo.debug.xcconfig */,
				55356E7A70C1195237CCCBBD /* Pods-XXBRefreshDemo.release.xcconfig */,
			);
			name = Pods;
			sourceTree = "<group>";
		};
		6227596A1CCDEE7E00BDE61A /* XXBRefresh */ = {
			isa = PBXGroup;
			children = (
				E1B8D4C11D35E9AE000C6A22 /* Resources */,
				6227596B1CCDEE7E00BDE61A /* Others */,
				622759741CCDEE7E00BDE61A /* View */,
				6227597B1CCDEE7E00BDE61A /* XXBRefresh.h */,
			);
			name = XXBRefresh;
			path = ../../XXBRefresh;
			sourceTree = "<group>";
		};
		6227596B1CCDEE7E00BDE61A /* Others */ = {
			isa = PBXGroup;
			children = (
				6227596C1CCDEE7E00BDE61A /* UIScrollView+XXBExtension.h */,
				6227596D1CCDEE7E00BDE61A /* UIScrollView+XXBExtension.m */,
				6227596E1CCDEE7E00BDE61A /* UIScrollView+XXBRefresh.h */,
				6227596F1CCDEE7E00BDE61A /* UIScrollView+XXBRefresh.m */,
				622759701CCDEE7E00BDE61A /* UIView+XXBExtension.h */,
				622759711CCDEE7E00BDE61A /* UIView+XXBExtension.m */,
				622759721CCDEE7E00BDE61A /* XXBRefreshConsts.h */,
				622759731CCDEE7E00BDE61A /* XXBRefreshConsts.m */,
				E1B8D4C41D35E9D6000C6A22 /* XXBRefreshRseources.h */,
				E1B8D4C51D35E9D6000C6A22 /* XXBRefreshRseources.m */,
			);
			path = Others;
			sourceTree = "<group>";
		};
		622759741CCDEE7E00BDE61A /* View */ = {
			isa = PBXGroup;
			children = (
				622759751CCDEE7E00BDE61A /* XXBRefreshBaseView.h */,
				622759761CCDEE7E00BDE61A /* XXBRefreshBaseView.m */,
				622759771CCDEE7E00BDE61A /* XXBRefreshFooterView.h */,
				622759781CCDEE7E00BDE61A /* XXBRefreshFooterView.m */,
				622759791CCDEE7E00BDE61A /* XXBRefreshHeaderView.h */,
				6227597A1CCDEE7E00BDE61A /* XXBRefreshHeaderView.m */,
				622759831CCDEF3100BDE61A /* XXBAutoRefreshFooterView.h */,
				622759841CCDEF3100BDE61A /* XXBAutoRefreshFooterView.m */,
				E1B8D4BC1D35DC25000C6A22 /* XXBRefreshHeaderUIView.h */,
				E1B8D4BD1D35DC25000C6A22 /* XXBRefreshHeaderUIView.m */,
				625C75AE1D36837D003852CB /* XXBAutoRefreshFooterUIView.h */,
				625C75AF1D36837D003852CB /* XXBAutoRefreshFooterUIView.m */,
				625C75B11D36902A003852CB /* XXBRefreshFooterUIView.h */,
				625C75B21D36902A003852CB /* XXBRefreshFooterUIView.m */,
			);
			path = View;
			sourceTree = "<group>";
		};
		629DB4B91CC090B800EC7FE1 = {
			isa = PBXGroup;
			children = (
				629DB4C41CC090B800EC7FE1 /* XXBRefreshDemo */,
				629DB4C31CC090B800EC7FE1 /* Products */,
				530E82E28BF57E61FDC77238 /* Pods */,
				B146D1EDC815537024125C80 /* Frameworks */,
			);
			sourceTree = "<group>";
		};
		629DB4C31CC090B800EC7FE1 /* Products */ = {
			isa = PBXGroup;
			children = (
				629DB4C21CC090B800EC7FE1 /* XXBRefreshDemo.app */,
			);
			name = Products;
			sourceTree = "<group>";
		};
		629DB4C41CC090B800EC7FE1 /* XXBRefreshDemo */ = {
			isa = PBXGroup;
			children = (
				6227596A1CCDEE7E00BDE61A /* XXBRefresh */,
				629DB4C81CC090B800EC7FE1 /* AppDelegate.h */,
				629DB4C91CC090B800EC7FE1 /* AppDelegate.m */,
				629DB4CB1CC090B800EC7FE1 /* ViewController.h */,
				629DB4CC1CC090B800EC7FE1 /* ViewController.m */,
				629DB4CE1CC090B800EC7FE1 /* Main.storyboard */,
				629DB4D11CC090B800EC7FE1 /* Assets.xcassets */,
				629DB4D31CC090B800EC7FE1 /* LaunchScreen.storyboard */,
				629DB4D61CC090B800EC7FE1 /* Info.plist */,
				629DB4C51CC090B800EC7FE1 /* Supporting Files */,
				E11E227E1D37716B003790B1 /* XXBRefreshHeaderPicView.h */,
				E11E227F1D37716B003790B1 /* XXBRefreshHeaderPicView.m */,
			);
			path = XXBRefreshDemo;
			sourceTree = "<group>";
		};
		629DB4C51CC090B800EC7FE1 /* Supporting Files */ = {
			isa = PBXGroup;
			children = (
				629DB4C61CC090B800EC7FE1 /* main.m */,
			);
			name = "Supporting Files";
			sourceTree = "<group>";
		};
		B146D1EDC815537024125C80 /* Frameworks */ = {
			isa = PBXGroup;
			children = (
				F2B5A14D569AF023A231C925 /* libPods-XXBRefreshDemo.a */,
			);
			name = Frameworks;
			sourceTree = "<group>";
		};
		E1B8D4C11D35E9AE000C6A22 /* Resources */ = {
			isa = PBXGroup;
			children = (
				E1B8D4C21D35E9AE000C6A22 /* arrow@2x.png */,
			);
			path = Resources;
			sourceTree = "<group>";
		};
/* End PBXGroup section */

/* Begin PBXNativeTarget section */
		629DB4C11CC090B800EC7FE1 /* XXBRefreshDemo */ = {
			isa = PBXNativeTarget;
			buildConfigurationList = 629DB4D91CC090B800EC7FE1 /* Build configuration list for PBXNativeTarget "XXBRefreshDemo" */;
			buildPhases = (
				2870A2F2F823C13D0DFF16BB /* [CP] Check Pods Manifest.lock */,
				629DB4BE1CC090B800EC7FE1 /* Sources */,
				629DB4BF1CC090B800EC7FE1 /* Frameworks */,
				629DB4C01CC090B800EC7FE1 /* Resources */,
				43B71C5F9FF9626DCF71F6C4 /* [CP] Embed Pods Frameworks */,
				D4D8258CDF40446C072A65BB /* [CP] Copy Pods Resources */,
			);
			buildRules = (
			);
			dependencies = (
			);
			name = XXBRefreshDemo;
			productName = XXBRefreshDemo;
			productReference = 629DB4C21CC090B800EC7FE1 /* XXBRefreshDemo.app */;
			productType = "com.apple.product-type.application";
		};
/* End PBXNativeTarget section */

/* Begin PBXProject section */
		629DB4BA1CC090B800EC7FE1 /* Project object */ = {
			isa = PBXProject;
			attributes = {
				LastUpgradeCheck = 0730;
				ORGANIZATIONNAME = xiaobing;
				TargetAttributes = {
					629DB4C11CC090B800EC7FE1 = {
						CreatedOnToolsVersion = 7.3;
						DevelopmentTeam = USZUZCA5NW;
						ProvisioningStyle = Manual;
					};
				};
			};
			buildConfigurationList = 629DB4BD1CC090B800EC7FE1 /* Build configuration list for PBXProject "XXBRefreshDemo" */;
			compatibilityVersion = "Xcode 3.2";
			developmentRegion = English;
			hasScannedForEncodings = 0;
			knownRegions = (
				en,
				Base,
			);
			mainGroup = 629DB4B91CC090B800EC7FE1;
			productRefGroup = 629DB4C31CC090B800EC7FE1 /* Products */;
			projectDirPath = "";
			projectRoot = "";
			targets = (
				629DB4C11CC090B800EC7FE1 /* XXBRefreshDemo */,
			);
		};
/* End PBXProject section */

/* Begin PBXResourcesBuildPhase section */
		629DB4C01CC090B800EC7FE1 /* Resources */ = {
			isa = PBXResourcesBuildPhase;
			buildActionMask = 2147483647;
			files = (
				629DB4D51CC090B800EC7FE1 /* LaunchScreen.storyboard in Resources */,
				E1B8D4C31D35E9AE000C6A22 /* arrow@2x.png in Resources */,
				629DB4D21CC090B800EC7FE1 /* Assets.xcassets in Resources */,
				629DB4D01CC090B800EC7FE1 /* Main.storyboard in Resources */,
			);
			runOnlyForDeploymentPostprocessing = 0;
		};
/* End PBXResourcesBuildPhase section */

/* Begin PBXShellScriptBuildPhase section */
		2870A2F2F823C13D0DFF16BB /* [CP] Check Pods Manifest.lock */ = {
			isa = PBXShellScriptBuildPhase;
			buildActionMask = 2147483647;
			files = (
			);
			inputPaths = (
			);
			name = "[CP] Check Pods Manifest.lock";
			outputPaths = (
			);
			runOnlyForDeploymentPostprocessing = 0;
			shellPath = /bin/sh;
			shellScript = "diff \"${PODS_ROOT}/../Podfile.lock\" \"${PODS_ROOT}/Manifest.lock\" > /dev/null\nif [[ $? != 0 ]] ; then\n    cat << EOM\nerror: The sandbox is not in sync with the Podfile.lock. Run 'pod install' or update your CocoaPods installation.\nEOM\n    exit 1\nfi\n";
			showEnvVarsInLog = 0;
		};
		43B71C5F9FF9626DCF71F6C4 /* [CP] Embed Pods Frameworks */ = {
			isa = PBXShellScriptBuildPhase;
			buildActionMask = 2147483647;
			files = (
			);
			inputPaths = (
			);
			name = "[CP] Embed Pods Frameworks";
			outputPaths = (
			);
			runOnlyForDeploymentPostprocessing = 0;
			shellPath = /bin/sh;
			shellScript = "\"${SRCROOT}/Pods/Target Support Files/Pods-XXBRefreshDemo/Pods-XXBRefreshDemo-frameworks.sh\"\n";
			showEnvVarsInLog = 0;
		};
		D4D8258CDF40446C072A65BB /* [CP] Copy Pods Resources */ = {
			isa = PBXShellScriptBuildPhase;
			buildActionMask = 2147483647;
			files = (
			);
			inputPaths = (
			);
			name = "[CP] Copy Pods Resources";
			outputPaths = (
			);
			runOnlyForDeploymentPostprocessing = 0;
			shellPath = /bin/sh;
			shellScript = "\"${SRCROOT}/Pods/Target Support Files/Pods-XXBRefreshDemo/Pods-XXBRefreshDemo-resources.sh\"\n";
			showEnvVarsInLog = 0;
		};
/* End PBXShellScriptBuildPhase section */

/* Begin PBXSourcesBuildPhase section */
		629DB4BE1CC090B800EC7FE1 /* Sources */ = {
			isa = PBXSourcesBuildPhase;
			buildActionMask = 2147483647;
			files = (
				622759821CCDEE7E00BDE61A /* XXBRefreshHeaderView.m in Sources */,
				622759811CCDEE7E00BDE61A /* XXBRefreshFooterView.m in Sources */,
				6227597C1CCDEE7E00BDE61A /* UIScrollView+XXBExtension.m in Sources */,
				625C75B01D36837D003852CB /* XXBAutoRefreshFooterUIView.m in Sources */,
				6227597D1CCDEE7E00BDE61A /* UIScrollView+XXBRefresh.m in Sources */,
				E11E22801D37716B003790B1 /* XXBRefreshHeaderPicView.m in Sources */,
				6227597F1CCDEE7E00BDE61A /* XXBRefreshConsts.m in Sources */,
				622759851CCDEF3100BDE61A /* XXBAutoRefreshFooterView.m in Sources */,
				E1B8D4BE1D35DC25000C6A22 /* XXBRefreshHeaderUIView.m in Sources */,
				629DB4CD1CC090B800EC7FE1 /* ViewController.m in Sources */,
				E1B8D4C61D35E9D6000C6A22 /* XXBRefreshRseources.m in Sources */,
				6227597E1CCDEE7E00BDE61A /* UIView+XXBExtension.m in Sources */,
				629DB4CA1CC090B800EC7FE1 /* AppDelegate.m in Sources */,
				622759801CCDEE7E00BDE61A /* XXBRefreshBaseView.m in Sources */,
				629DB4C71CC090B800EC7FE1 /* main.m in Sources */,
				625C75B31D36902A003852CB /* XXBRefreshFooterUIView.m in Sources */,
			);
			runOnlyForDeploymentPostprocessing = 0;
		};
/* End PBXSourcesBuildPhase section */

/* Begin PBXVariantGroup section */
		629DB4CE1CC090B800EC7FE1 /* Main.storyboard */ = {
			isa = PBXVariantGroup;
			children = (
				629DB4CF1CC090B800EC7FE1 /* Base */,
			);
			name = Main.storyboard;
			sourceTree = "<group>";
		};
		629DB4D31CC090B800EC7FE1 /* LaunchScreen.storyboard */ = {
			isa = PBXVariantGroup;
			children = (
				629DB4D41CC090B800EC7FE1 /* Base */,
			);
			name = LaunchScreen.storyboard;
			sourceTree = "<group>";
		};
/* End PBXVariantGroup section */

/* Begin XCBuildConfiguration section */
		629DB4D71CC090B800EC7FE1 /* Debug */ = {
			isa = XCBuildConfiguration;
			buildSettings = {
				ALWAYS_SEARCH_USER_PATHS = NO;
				CLANG_ANALYZER_NONNULL = YES;
				CLANG_CXX_LANGUAGE_STANDARD = "gnu++0x";
				CLANG_CXX_LIBRARY = "libc++";
				CLANG_ENABLE_MODULES = YES;
				CLANG_ENABLE_OBJC_ARC = YES;
				CLANG_WARN_BOOL_CONVERSION = YES;
				CLANG_WARN_CONSTANT_CONVERSION = YES;
				CLANG_WARN_DIRECT_OBJC_ISA_USAGE = YES_ERROR;
				CLANG_WARN_EMPTY_BODY = YES;
				CLANG_WARN_ENUM_CONVERSION = YES;
				CLANG_WARN_INT_CONVERSION = YES;
				CLANG_WARN_OBJC_ROOT_CLASS = YES_ERROR;
				CLANG_WARN_UNREACHABLE_CODE = YES;
				CLANG_WARN__DUPLICATE_METHOD_MATCH = YES;
				"CODE_SIGN_IDENTITY[sdk=iphoneos*]" = "iPhone Developer";
				COPY_PHASE_STRIP = NO;
				DEBUG_INFORMATION_FORMAT = dwarf;
				ENABLE_STRICT_OBJC_MSGSEND = YES;
				ENABLE_TESTABILITY = YES;
				GCC_C_LANGUAGE_STANDARD = gnu99;
				GCC_DYNAMIC_NO_PIC = NO;
				GCC_NO_COMMON_BLOCKS = YES;
				GCC_OPTIMIZATION_LEVEL = 0;
				GCC_PREPROCESSOR_DEFINITIONS = (
					"DEBUG=1",
					"$(inherited)",
				);
				GCC_WARN_64_TO_32_BIT_CONVERSION = YES;
				GCC_WARN_ABOUT_RETURN_TYPE = YES_ERROR;
				GCC_WARN_UNDECLARED_SELECTOR = YES;
				GCC_WARN_UNINITIALIZED_AUTOS = YES_AGGRESSIVE;
				GCC_WARN_UNUSED_FUNCTION = YES;
				GCC_WARN_UNUSED_VARIABLE = YES;
				IPHONEOS_DEPLOYMENT_TARGET = 9.3;
				MTL_ENABLE_DEBUG_INFO = YES;
				ONLY_ACTIVE_ARCH = YES;
				SDKROOT = iphoneos;
			};
			name = Debug;
		};
		629DB4D81CC090B800EC7FE1 /* Release */ = {
			isa = XCBuildConfiguration;
			buildSettings = {
				ALWAYS_SEARCH_USER_PATHS = NO;
				CLANG_ANALYZER_NONNULL = YES;
				CLANG_CXX_LANGUAGE_STANDARD = "gnu++0x";
				CLANG_CXX_LIBRARY = "libc++";
				CLANG_ENABLE_MODULES = YES;
				CLANG_ENABLE_OBJC_ARC = YES;
				CLANG_WARN_BOOL_CONVERSION = YES;
				CLANG_WARN_CONSTANT_CONVERSION = YES;
				CLANG_WARN_DIRECT_OBJC_ISA_USAGE = YES_ERROR;
				CLANG_WARN_EMPTY_BODY = YES;
				CLANG_WARN_ENUM_CONVERSION = YES;
				CLANG_WARN_INT_CONVERSION = YES;
				CLANG_WARN_OBJC_ROOT_CLASS = YES_ERROR;
				CLANG_WARN_UNREACHABLE_CODE = YES;
				CLANG_WARN__DUPLICATE_METHOD_MATCH = YES;
				"CODE_SIGN_IDENTITY[sdk=iphoneos*]" = "iPhone Developer";
				COPY_PHASE_STRIP = NO;
				DEBUG_INFORMATION_FORMAT = "dwarf-with-dsym";
				ENABLE_NS_ASSERTIONS = NO;
				ENABLE_STRICT_OBJC_MSGSEND = YES;
				GCC_C_LANGUAGE_STANDARD = gnu99;
				GCC_NO_COMMON_BLOCKS = YES;
				GCC_WARN_64_TO_32_BIT_CONVERSION = YES;
				GCC_WARN_ABOUT_RETURN_TYPE = YES_ERROR;
				GCC_WARN_UNDECLARED_SELECTOR = YES;
				GCC_WARN_UNINITIALIZED_AUTOS = YES_AGGRESSIVE;
				GCC_WARN_UNUSED_FUNCTION = YES;
				GCC_WARN_UNUSED_VARIABLE = YES;
				IPHONEOS_DEPLOYMENT_TARGET = 9.3;
				MTL_ENABLE_DEBUG_INFO = NO;
				SDKROOT = iphoneos;
				VALIDATE_PRODUCT = YES;
			};
			name = Release;
		};
		629DB4DA1CC090B800EC7FE1 /* Debug */ = {
			isa = XCBuildConfiguration;
			baseConfigurationReference = A84947D46AE63AC69CF21957 /* Pods-XXBRefreshDemo.debug.xcconfig */;
			buildSettings = {
				ASSETCATALOG_COMPILER_APPICON_NAME = AppIcon;
				DEVELOPMENT_TEAM = USZUZCA5NW;
				INFOPLIST_FILE = XXBRefreshDemo/Info.plist;
				IPHONEOS_DEPLOYMENT_TARGET = 7.0;
				LD_RUNPATH_SEARCH_PATHS = "$(inherited) @executable_path/Frameworks";
				PRODUCT_BUNDLE_IDENTIFIER = com.xiaoxiaobing.XXBRefreshDemo;
				PRODUCT_NAME = "$(TARGET_NAME)";
				PROVISIONING_PROFILE = "fdc4d874-0372-4e8b-a87b-fc09e8549a55";
				PROVISIONING_PROFILE_SPECIFIER = common;
			};
			name = Debug;
		};
		629DB4DB1CC090B800EC7FE1 /* Release */ = {
			isa = XCBuildConfiguration;
			baseConfigurationReference = 55356E7A70C1195237CCCBBD /* Pods-XXBRefreshDemo.release.xcconfig */;
			buildSettings = {
				ASSETCATALOG_COMPILER_APPICON_NAME = AppIcon;
				DEVELOPMENT_TEAM = USZUZCA5NW;
				INFOPLIST_FILE = XXBRefreshDemo/Info.plist;
				IPHONEOS_DEPLOYMENT_TARGET = 7.0;
				LD_RUNPATH_SEARCH_PATHS = "$(inherited) @executable_path/Frameworks";
				PRODUCT_BUNDLE_IDENTIFIER = com.xiaoxiaobing.XXBRefreshDemo;
				PRODUCT_NAME = "$(TARGET_NAME)";
				PROVISIONING_PROFILE = "fdc4d874-0372-4e8b-a87b-fc09e8549a55";
				PROVISIONING_PROFILE_SPECIFIER = common;
			};
			name = Release;
		};
/* End XCBuildConfiguration section */

/* Begin XCConfigurationList section */
		629DB4BD1CC090B800EC7FE1 /* Build configuration list for PBXProject "XXBRefreshDemo" */ = {
			isa = XCConfigurationList;
			buildConfigurations = (
				629DB4D71CC090B800EC7FE1 /* Debug */,
				629DB4D81CC090B800EC7FE1 /* Release */,
			);
			defaultConfigurationIsVisible = 0;
			defaultConfigurationName = Release;
		};
		629DB4D91CC090B800EC7FE1 /* Build configuration list for PBXNativeTarget "XXBRefreshDemo" */ = {
			isa = XCConfigurationList;
			buildConfigurations = (
				629DB4DA1CC090B800EC7FE1 /* Debug */,
				629DB4DB1CC090B800EC7FE1 /* Release */,
			);
			defaultConfigurationIsVisible = 0;
			defaultConfigurationName = Release;
		};
/* End XCConfigurationList section */
	};
	rootObject = 629DB4BA1CC090B800EC7FE1 /* Project object */;
}
