// !$*UTF8*$!
{
	archiveVersion = 1;
	classes = {
	};
	objectVersion = 46;
	objects = {

/* Begin PBXBuildFile section */
		629DB4C71CC090B800EC7FE1 /* main.m in Sources */ = {isa = PBXBuildFile; fileRef = 629DB4C61CC090B800EC7FE1 /* main.m */; };
		629DB4CA1CC090B800EC7FE1 /* AppDelegate.m in Sources */ = {isa = PBXBuildFile; fileRef = 629DB4C91CC090B800EC7FE1 /* AppDelegate.m */; };
		629DB4CD1CC090B800EC7FE1 /* ViewController.m in Sources */ = {isa = PBXBuildFile; fileRef = 629DB4CC1CC090B800EC7FE1 /* ViewController.m */; };
		629DB4D01CC090B800EC7FE1 /* Main.storyboard in Resources */ = {isa = PBXBuildFile; fileRef = 629DB4CE1CC090B800EC7FE1 /* Main.storyboard */; };
		629DB4D21CC090B800EC7FE1 /* Assets.xcassets in Resources */ = {isa = PBXBuildFile; fileRef = 629DB4D11CC090B800EC7FE1 /* Assets.xcassets */; };
		629DB4D51CC090B800EC7FE1 /* LaunchScreen.storyboard in Resources */ = {isa = PBXBuildFile; fileRef = 629DB4D31CC090B800EC7FE1 /* LaunchScreen.storyboard */; };
		629DB4E91CC0AFC100EC7FE1 /* XXBRefreshBaseView.m in Sources */ = {isa = PBXBuildFile; fileRef = 629DB4E81CC0AFC100EC7FE1 /* XXBRefreshBaseView.m */; };
		629DB4EC1CC0B76400EC7FE1 /* UIScrollView+XXBRefresh.m in Sources */ = {isa = PBXBuildFile; fileRef = 629DB4EB1CC0B76400EC7FE1 /* UIScrollView+XXBRefresh.m */; };
		629DB4EF1CC0C2CA00EC7FE1 /* XXBRefreshConsts.m in Sources */ = {isa = PBXBuildFile; fileRef = 629DB4EE1CC0C2CA00EC7FE1 /* XXBRefreshConsts.m */; };
		629DB4F21CC0C3C100EC7FE1 /* UIView+XXBExtension.m in Sources */ = {isa = PBXBuildFile; fileRef = 629DB4F11CC0C3C100EC7FE1 /* UIView+XXBExtension.m */; };
		629DB4F51CC0C57000EC7FE1 /* UIScrollView+XXBExtension.m in Sources */ = {isa = PBXBuildFile; fileRef = 629DB4F41CC0C57000EC7FE1 /* UIScrollView+XXBExtension.m */; };
		629DB4FB1CC0D14000EC7FE1 /* XXBRefreshHeaderView.m in Sources */ = {isa = PBXBuildFile; fileRef = 629DB4FA1CC0D14000EC7FE1 /* XXBRefreshHeaderView.m */; };
		629DB4FE1CC0E4E300EC7FE1 /* XXBRefreshFooterView.m in Sources */ = {isa = PBXBuildFile; fileRef = 629DB4FD1CC0E4E300EC7FE1 /* XXBRefreshFooterView.m */; };
/* End PBXBuildFile section */

/* Begin PBXFileReference section */
		629DB4C21CC090B800EC7FE1 /* XXBRefreshDemo.app */ = {isa = PBXFileReference; explicitFileType = wrapper.application; includeInIndex = 0; path = XXBRefreshDemo.app; sourceTree = BUILT_PRODUCTS_DIR; };
		629DB4C61CC090B800EC7FE1 /* main.m */ = {isa = PBXFileReference; lastKnownFileType = sourcecode.c.objc; path = main.m; sourceTree = "<group>"; };
		629DB4C81CC090B800EC7FE1 /* AppDelegate.h */ = {isa = PBXFileReference; lastKnownFileType = sourcecode.c.h; path = AppDelegate.h; sourceTree = "<group>"; };
		629DB4C91CC090B800EC7FE1 /* AppDelegate.m */ = {isa = PBXFileReference; lastKnownFileType = sourcecode.c.objc; path = AppDelegate.m; sourceTree = "<group>"; };
		629DB4CB1CC090B800EC7FE1 /* ViewController.h */ = {isa = PBXFileReference; lastKnownFileType = sourcecode.c.h; path = ViewController.h; sourceTree = "<group>"; };
		629DB4CC1CC090B800EC7FE1 /* ViewController.m */ = {isa = PBXFileReference; lastKnownFileType = sourcecode.c.objc; path = ViewController.m; sourceTree = "<group>"; };
		629DB4CF1CC090B800EC7FE1 /* Base */ = {isa = PBXFileReference; lastKnownFileType = file.storyboard; name = Base; path = Base.lproj/Main.storyboard; sourceTree = "<group>"; };
		629DB4D11CC090B800EC7FE1 /* Assets.xcassets */ = {isa = PBXFileReference; lastKnownFileType = folder.assetcatalog; path = Assets.xcassets; sourceTree = "<group>"; };
		629DB4D41CC090B800EC7FE1 /* Base */ = {isa = PBXFileReference; lastKnownFileType = file.storyboard; name = Base; path = Base.lproj/LaunchScreen.storyboard; sourceTree = "<group>"; };
		629DB4D61CC090B800EC7FE1 /* Info.plist */ = {isa = PBXFileReference; lastKnownFileType = text.plist.xml; path = Info.plist; sourceTree = "<group>"; };
		629DB4E71CC0AFC100EC7FE1 /* XXBRefreshBaseView.h */ = {isa = PBXFileReference; fileEncoding = 4; lastKnownFileType = sourcecode.c.h; path = XXBRefreshBaseView.h; sourceTree = "<group>"; };
		629DB4E81CC0AFC100EC7FE1 /* XXBRefreshBaseView.m */ = {isa = PBXFileReference; fileEncoding = 4; lastKnownFileType = sourcecode.c.objc; path = XXBRefreshBaseView.m; sourceTree = "<group>"; };
		629DB4EA1CC0B76400EC7FE1 /* UIScrollView+XXBRefresh.h */ = {isa = PBXFileReference; fileEncoding = 4; lastKnownFileType = sourcecode.c.h; path = "UIScrollView+XXBRefresh.h"; sourceTree = "<group>"; };
		629DB4EB1CC0B76400EC7FE1 /* UIScrollView+XXBRefresh.m */ = {isa = PBXFileReference; fileEncoding = 4; lastKnownFileType = sourcecode.c.objc; path = "UIScrollView+XXBRefresh.m"; sourceTree = "<group>"; };
		629DB4ED1CC0C2CA00EC7FE1 /* XXBRefreshConsts.h */ = {isa = PBXFileReference; fileEncoding = 4; lastKnownFileType = sourcecode.c.h; path = XXBRefreshConsts.h; sourceTree = "<group>"; };
		629DB4EE1CC0C2CA00EC7FE1 /* XXBRefreshConsts.m */ = {isa = PBXFileReference; fileEncoding = 4; lastKnownFileType = sourcecode.c.objc; path = XXBRefreshConsts.m; sourceTree = "<group>"; };
		629DB4F01CC0C3C100EC7FE1 /* UIView+XXBExtension.h */ = {isa = PBXFileReference; fileEncoding = 4; lastKnownFileType = sourcecode.c.h; path = "UIView+XXBExtension.h"; sourceTree = "<group>"; };
		629DB4F11CC0C3C100EC7FE1 /* UIView+XXBExtension.m */ = {isa = PBXFileReference; fileEncoding = 4; lastKnownFileType = sourcecode.c.objc; path = "UIView+XXBExtension.m"; sourceTree = "<group>"; };
		629DB4F31CC0C57000EC7FE1 /* UIScrollView+XXBExtension.h */ = {isa = PBXFileReference; fileEncoding = 4; lastKnownFileType = sourcecode.c.h; path = "UIScrollView+XXBExtension.h"; sourceTree = "<group>"; };
		629DB4F41CC0C57000EC7FE1 /* UIScrollView+XXBExtension.m */ = {isa = PBXFileReference; fileEncoding = 4; lastKnownFileType = sourcecode.c.objc; path = "UIScrollView+XXBExtension.m"; sourceTree = "<group>"; };
		629DB4F61CC0C7FC00EC7FE1 /* XXBRefresh.h */ = {isa = PBXFileReference; fileEncoding = 4; lastKnownFileType = sourcecode.c.h; path = XXBRefresh.h; sourceTree = "<group>"; };
		629DB4F91CC0D14000EC7FE1 /* XXBRefreshHeaderView.h */ = {isa = PBXFileReference; fileEncoding = 4; lastKnownFileType = sourcecode.c.h; path = XXBRefreshHeaderView.h; sourceTree = "<group>"; };
		629DB4FA1CC0D14000EC7FE1 /* XXBRefreshHeaderView.m */ = {isa = PBXFileReference; fileEncoding = 4; lastKnownFileType = sourcecode.c.objc; path = XXBRefreshHeaderView.m; sourceTree = "<group>"; };
		629DB4FC1CC0E4E300EC7FE1 /* XXBRefreshFooterView.h */ = {isa = PBXFileReference; fileEncoding = 4; lastKnownFileType = sourcecode.c.h; path = XXBRefreshFooterView.h; sourceTree = "<group>"; };
		629DB4FD1CC0E4E300EC7FE1 /* XXBRefreshFooterView.m */ = {isa = PBXFileReference; fileEncoding = 4; lastKnownFileType = sourcecode.c.objc; path = XXBRefreshFooterView.m; sourceTree = "<group>"; };
/* End PBXFileReference section */

/* Begin PBXFrameworksBuildPhase section */
		629DB4BF1CC090B800EC7FE1 /* Frameworks */ = {
			isa = PBXFrameworksBuildPhase;
			buildActionMask = 2147483647;
			files = (
			);
			runOnlyForDeploymentPostprocessing = 0;
		};
/* End PBXFrameworksBuildPhase section */

/* Begin PBXGroup section */
		629DB4B91CC090B800EC7FE1 = {
			isa = PBXGroup;
			children = (
				629DB4DC1CC0977000EC7FE1 /* XXBRefresh */,
				629DB4C41CC090B800EC7FE1 /* XXBRefreshDemo */,
				629DB4C31CC090B800EC7FE1 /* Products */,
			);
			sourceTree = "<group>";
		};
		629DB4C31CC090B800EC7FE1 /* Products */ = {
			isa = PBXGroup;
			children = (
				629DB4C21CC090B800EC7FE1 /* XXBRefreshDemo.app */,
			);
			name = Products;
			sourceTree = "<group>";
		};
		629DB4C41CC090B800EC7FE1 /* XXBRefreshDemo */ = {
			isa = PBXGroup;
			children = (
				629DB4C81CC090B800EC7FE1 /* AppDelegate.h */,
				629DB4C91CC090B800EC7FE1 /* AppDelegate.m */,
				629DB4CB1CC090B800EC7FE1 /* ViewController.h */,
				629DB4CC1CC090B800EC7FE1 /* ViewController.m */,
				629DB4CE1CC090B800EC7FE1 /* Main.storyboard */,
				629DB4D11CC090B800EC7FE1 /* Assets.xcassets */,
				629DB4D31CC090B800EC7FE1 /* LaunchScreen.storyboard */,
				629DB4D61CC090B800EC7FE1 /* Info.plist */,
				629DB4C51CC090B800EC7FE1 /* Supporting Files */,
			);
			path = XXBRefreshDemo;
			sourceTree = "<group>";
		};
		629DB4C51CC090B800EC7FE1 /* Supporting Files */ = {
			isa = PBXGroup;
			children = (
				629DB4C61CC090B800EC7FE1 /* main.m */,
			);
			name = "Supporting Files";
			sourceTree = "<group>";
		};
		629DB4DC1CC0977000EC7FE1 /* XXBRefresh */ = {
			isa = PBXGroup;
			children = (
				629DB4DD1CC0977000EC7FE1 /* Controller */,
				629DB4DE1CC0977000EC7FE1 /* Model */,
				629DB4DF1CC0977000EC7FE1 /* Others */,
				629DB4E01CC0977000EC7FE1 /* View */,
				629DB4F61CC0C7FC00EC7FE1 /* XXBRefresh.h */,
			);
			name = XXBRefresh;
			path = ../XXBRefresh;
			sourceTree = "<group>";
		};
		629DB4DD1CC0977000EC7FE1 /* Controller */ = {
			isa = PBXGroup;
			children = (
			);
			path = Controller;
			sourceTree = "<group>";
		};
		629DB4DE1CC0977000EC7FE1 /* Model */ = {
			isa = PBXGroup;
			children = (
			);
			path = Model;
			sourceTree = "<group>";
		};
		629DB4DF1CC0977000EC7FE1 /* Others */ = {
			isa = PBXGroup;
			children = (
				629DB4EA1CC0B76400EC7FE1 /* UIScrollView+XXBRefresh.h */,
				629DB4EB1CC0B76400EC7FE1 /* UIScrollView+XXBRefresh.m */,
				629DB4ED1CC0C2CA00EC7FE1 /* XXBRefreshConsts.h */,
				629DB4EE1CC0C2CA00EC7FE1 /* XXBRefreshConsts.m */,
				629DB4F01CC0C3C100EC7FE1 /* UIView+XXBExtension.h */,
				629DB4F11CC0C3C100EC7FE1 /* UIView+XXBExtension.m */,
				629DB4F31CC0C57000EC7FE1 /* UIScrollView+XXBExtension.h */,
				629DB4F41CC0C57000EC7FE1 /* UIScrollView+XXBExtension.m */,
			);
			path = Others;
			sourceTree = "<group>";
		};
		629DB4E01CC0977000EC7FE1 /* View */ = {
			isa = PBXGroup;
			children = (
				629DB4E71CC0AFC100EC7FE1 /* XXBRefreshBaseView.h */,
				629DB4E81CC0AFC100EC7FE1 /* XXBRefreshBaseView.m */,
				629DB4F91CC0D14000EC7FE1 /* XXBRefreshHeaderView.h */,
				629DB4FA1CC0D14000EC7FE1 /* XXBRefreshHeaderView.m */,
				629DB4FC1CC0E4E300EC7FE1 /* XXBRefreshFooterView.h */,
				629DB4FD1CC0E4E300EC7FE1 /* XXBRefreshFooterView.m */,
			);
			path = View;
			sourceTree = "<group>";
		};
/* End PBXGroup section */

/* Begin PBXNativeTarget section */
		629DB4C11CC090B800EC7FE1 /* XXBRefreshDemo */ = {
			isa = PBXNativeTarget;
			buildConfigurationList = 629DB4D91CC090B800EC7FE1 /* Build configuration list for PBXNativeTarget "XXBRefreshDemo" */;
			buildPhases = (
				629DB4BE1CC090B800EC7FE1 /* Sources */,
				629DB4BF1CC090B800EC7FE1 /* Frameworks */,
				629DB4C01CC090B800EC7FE1 /* Resources */,
			);
			buildRules = (
			);
			dependencies = (
			);
			name = XXBRefreshDemo;
			productName = XXBRefreshDemo;
			productReference = 629DB4C21CC090B800EC7FE1 /* XXBRefreshDemo.app */;
			productType = "com.apple.product-type.application";
		};
/* End PBXNativeTarget section */

/* Begin PBXProject section */
		629DB4BA1CC090B800EC7FE1 /* Project object */ = {
			isa = PBXProject;
			attributes = {
				LastUpgradeCheck = 0730;
				ORGANIZATIONNAME = xiaobing;
				TargetAttributes = {
					629DB4C11CC090B800EC7FE1 = {
						CreatedOnToolsVersion = 7.3;
					};
				};
			};
			buildConfigurationList = 629DB4BD1CC090B800EC7FE1 /* Build configuration list for PBXProject "XXBRefreshDemo" */;
			compatibilityVersion = "Xcode 3.2";
			developmentRegion = English;
			hasScannedForEncodings = 0;
			knownRegions = (
				en,
				Base,
			);
			mainGroup = 629DB4B91CC090B800EC7FE1;
			productRefGroup = 629DB4C31CC090B800EC7FE1 /* Products */;
			projectDirPath = "";
			projectRoot = "";
			targets = (
				629DB4C11CC090B800EC7FE1 /* XXBRefreshDemo */,
			);
		};
/* End PBXProject section */

/* Begin PBXResourcesBuildPhase section */
		629DB4C01CC090B800EC7FE1 /* Resources */ = {
			isa = PBXResourcesBuildPhase;
			buildActionMask = 2147483647;
			files = (
				629DB4D51CC090B800EC7FE1 /* LaunchScreen.storyboard in Resources */,
				629DB4D21CC090B800EC7FE1 /* Assets.xcassets in Resources */,
				629DB4D01CC090B800EC7FE1 /* Main.storyboard in Resources */,
			);
			runOnlyForDeploymentPostprocessing = 0;
		};
/* End PBXResourcesBuildPhase section */

/* Begin PBXSourcesBuildPhase section */
		629DB4BE1CC090B800EC7FE1 /* Sources */ = {
			isa = PBXSourcesBuildPhase;
			buildActionMask = 2147483647;
			files = (
				629DB4F51CC0C57000EC7FE1 /* UIScrollView+XXBExtension.m in Sources */,
				629DB4EF1CC0C2CA00EC7FE1 /* XXBRefreshConsts.m in Sources */,
				629DB4FE1CC0E4E300EC7FE1 /* XXBRefreshFooterView.m in Sources */,
				629DB4CD1CC090B800EC7FE1 /* ViewController.m in Sources */,
				629DB4EC1CC0B76400EC7FE1 /* UIScrollView+XXBRefresh.m in Sources */,
				629DB4FB1CC0D14000EC7FE1 /* XXBRefreshHeaderView.m in Sources */,
				629DB4CA1CC090B800EC7FE1 /* AppDelegate.m in Sources */,
				629DB4E91CC0AFC100EC7FE1 /* XXBRefreshBaseView.m in Sources */,
				629DB4C71CC090B800EC7FE1 /* main.m in Sources */,
				629DB4F21CC0C3C100EC7FE1 /* UIView+XXBExtension.m in Sources */,
			);
			runOnlyForDeploymentPostprocessing = 0;
		};
/* End PBXSourcesBuildPhase section */

/* Begin PBXVariantGroup section */
		629DB4CE1CC090B800EC7FE1 /* Main.storyboard */ = {
			isa = PBXVariantGroup;
			children = (
				629DB4CF1CC090B800EC7FE1 /* Base */,
			);
			name = Main.storyboard;
			sourceTree = "<group>";
		};
		629DB4D31CC090B800EC7FE1 /* LaunchScreen.storyboard */ = {
			isa = PBXVariantGroup;
			children = (
				629DB4D41CC090B800EC7FE1 /* Base */,
			);
			name = LaunchScreen.storyboard;
			sourceTree = "<group>";
		};
/* End PBXVariantGroup section */

/* Begin XCBuildConfiguration section */
		629DB4D71CC090B800EC7FE1 /* Debug */ = {
			isa = XCBuildConfiguration;
			buildSettings = {
				ALWAYS_SEARCH_USER_PATHS = NO;
				CLANG_ANALYZER_NONNULL = YES;
				CLANG_CXX_LANGUAGE_STANDARD = "gnu++0x";
				CLANG_CXX_LIBRARY = "libc++";
				CLANG_ENABLE_MODULES = YES;
				CLANG_ENABLE_OBJC_ARC = YES;
				CLANG_WARN_BOOL_CONVERSION = YES;
				CLANG_WARN_CONSTANT_CONVERSION = YES;
				CLANG_WARN_DIRECT_OBJC_ISA_USAGE = YES_ERROR;
				CLANG_WARN_EMPTY_BODY = YES;
				CLANG_WARN_ENUM_CONVERSION = YES;
				CLANG_WARN_INT_CONVERSION = YES;
				CLANG_WARN_OBJC_ROOT_CLASS = YES_ERROR;
				CLANG_WARN_UNREACHABLE_CODE = YES;
				CLANG_WARN__DUPLICATE_METHOD_MATCH = YES;
				"CODE_SIGN_IDENTITY[sdk=iphoneos*]" = "iPhone Developer";
				COPY_PHASE_STRIP = NO;
				DEBUG_INFORMATION_FORMAT = dwarf;
				ENABLE_STRICT_OBJC_MSGSEND = YES;
				ENABLE_TESTABILITY = YES;
				GCC_C_LANGUAGE_STANDARD = gnu99;
				GCC_DYNAMIC_NO_PIC = NO;
				GCC_NO_COMMON_BLOCKS = YES;
				GCC_OPTIMIZATION_LEVEL = 0;
				GCC_PREPROCESSOR_DEFINITIONS = (
					"DEBUG=1",
					"$(inherited)",
				);
				GCC_WARN_64_TO_32_BIT_CONVERSION = YES;
				GCC_WARN_ABOUT_RETURN_TYPE = YES_ERROR;
				GCC_WARN_UNDECLARED_SELECTOR = YES;
				GCC_WARN_UNINITIALIZED_AUTOS = YES_AGGRESSIVE;
				GCC_WARN_UNUSED_FUNCTION = YES;
				GCC_WARN_UNUSED_VARIABLE = YES;
				IPHONEOS_DEPLOYMENT_TARGET = 9.3;
				MTL_ENABLE_DEBUG_INFO = YES;
				ONLY_ACTIVE_ARCH = YES;
				SDKROOT = iphoneos;
			};
			name = Debug;
		};
		629DB4D81CC090B800EC7FE1 /* Release */ = {
			isa = XCBuildConfiguration;
			buildSettings = {
				ALWAYS_SEARCH_USER_PATHS = NO;
				CLANG_ANALYZER_NONNULL = YES;
				CLANG_CXX_LANGUAGE_STANDARD = "gnu++0x";
				CLANG_CXX_LIBRARY = "libc++";
				CLANG_ENABLE_MODULES = YES;
				CLANG_ENABLE_OBJC_ARC = YES;
				CLANG_WARN_BOOL_CONVERSION = YES;
				CLANG_WARN_CONSTANT_CONVERSION = YES;
				CLANG_WARN_DIRECT_OBJC_ISA_USAGE = YES_ERROR;
				CLANG_WARN_EMPTY_BODY = YES;
				CLANG_WARN_ENUM_CONVERSION = YES;
				CLANG_WARN_INT_CONVERSION = YES;
				CLANG_WARN_OBJC_ROOT_CLASS = YES_ERROR;
				CLANG_WARN_UNREACHABLE_CODE = YES;
				CLANG_WARN__DUPLICATE_METHOD_MATCH = YES;
				"CODE_SIGN_IDENTITY[sdk=iphoneos*]" = "iPhone Developer";
				COPY_PHASE_STRIP = NO;
				DEBUG_INFORMATION_FORMAT = "dwarf-with-dsym";
				ENABLE_NS_ASSERTIONS = NO;
				ENABLE_STRICT_OBJC_MSGSEND = YES;
				GCC_C_LANGUAGE_STANDARD = gnu99;
				GCC_NO_COMMON_BLOCKS = YES;
				GCC_WARN_64_TO_32_BIT_CONVERSION = YES;
				GCC_WARN_ABOUT_RETURN_TYPE = YES_ERROR;
				GCC_WARN_UNDECLARED_SELECTOR = YES;
				GCC_WARN_UNINITIALIZED_AUTOS = YES_AGGRESSIVE;
				GCC_WARN_UNUSED_FUNCTION = YES;
				GCC_WARN_UNUSED_VARIABLE = YES;
				IPHONEOS_DEPLOYMENT_TARGET = 9.3;
				MTL_ENABLE_DEBUG_INFO = NO;
				SDKROOT = iphoneos;
				VALIDATE_PRODUCT = YES;
			};
			name = Release;
		};
		629DB4DA1CC090B800EC7FE1 /* Debug */ = {
			isa = XCBuildConfiguration;
			buildSettings = {
				ASSETCATALOG_COMPILER_APPICON_NAME = AppIcon;
				INFOPLIST_FILE = XXBRefreshDemo/Info.plist;
				IPHONEOS_DEPLOYMENT_TARGET = 7.0;
				LD_RUNPATH_SEARCH_PATHS = "$(inherited) @executable_path/Frameworks";
				PRODUCT_BUNDLE_IDENTIFIER = com.xiaoxiaobing.XXBRefreshDemo;
				PRODUCT_NAME = "$(TARGET_NAME)";
			};
			name = Debug;
		};
		629DB4DB1CC090B800EC7FE1 /* Release */ = {
			isa = XCBuildConfiguration;
			buildSettings = {
				ASSETCATALOG_COMPILER_APPICON_NAME = AppIcon;
				INFOPLIST_FILE = XXBRefreshDemo/Info.plist;
				IPHONEOS_DEPLOYMENT_TARGET = 7.0;
				LD_RUNPATH_SEARCH_PATHS = "$(inherited) @executable_path/Frameworks";
				PRODUCT_BUNDLE_IDENTIFIER = com.xiaoxiaobing.XXBRefreshDemo;
				PRODUCT_NAME = "$(TARGET_NAME)";
			};
			name = Release;
		};
/* End XCBuildConfiguration section */

/* Begin XCConfigurationList section */
		629DB4BD1CC090B800EC7FE1 /* Build configuration list for PBXProject "XXBRefreshDemo" */ = {
			isa = XCConfigurationList;
			buildConfigurations = (
				629DB4D71CC090B800EC7FE1 /* Debug */,
				629DB4D81CC090B800EC7FE1 /* Release */,
			);
			defaultConfigurationIsVisible = 0;
			defaultConfigurationName = Release;
		};
		629DB4D91CC090B800EC7FE1 /* Build configuration list for PBXNativeTarget "XXBRefreshDemo" */ = {
			isa = XCConfigurationList;
			buildConfigurations = (
				629DB4DA1CC090B800EC7FE1 /* Debug */,
				629DB4DB1CC090B800EC7FE1 /* Release */,
			);
			defaultConfigurationIsVisible = 0;
			defaultConfigurationName = Release;
		};
/* End XCConfigurationList section */
	};
	rootObject = 629DB4BA1CC090B800EC7FE1 /* Project object */;
}
